
Microsoft Visual Studio Solution File, Format Version 12.00
# Visual Studio Version 17
VisualStudioVersion = 17.13.35818.85 d17.13
MinimumVisualStudioVersion = 10.0.40219.1
Project("{FAE04EC0-301F-11D3-BF4B-00C04F79EFBC}") = "CyberSecurity_AwarenessBot", "CyberSecurity_AwarenessBot\CyberSecurity_AwarenessBot.csproj", "{855F54FD-336B-489F-AB11-9DB73D38BC8B}"
EndProject
Global
	GlobalSection(SolutionConfigurationPlatforms) = preSolution
		Debug|Any CPU = Debug|Any CPU
		Release|Any CPU = Release|Any CPU
	EndGlobalSection
	GlobalSection(ProjectConfigurationPlatforms) = postSolution
		{855F54FD-336B-489F-AB11-9DB73D38BC8B}.Debug|Any CPU.ActiveCfg = Debug|Any CPU
		{855F54FD-336B-489F-AB11-9DB73D38BC8B}.Debug|Any CPU.Build.0 = Debug|Any CPU
		{855F54FD-336B-489F-AB11-9DB73D38BC8B}.Release|Any CPU.ActiveCfg = Release|Any CPU
		{855F54FD-336B-489F-AB11-9DB73D38BC8B}.Release|Any CPU.Build.0 = Release|Any CPU
	EndGlobalSection
	GlobalSection(SolutionProperties) = preSolution
		HideSolutionNode = FALSE
	EndGlobalSection
	GlobalSection(ExtensibilityGlobals) = postSolution
		SolutionGuid = {DC4DFB28-8F41-4FDE-B2AC-CF08D5C55720}
	EndGlobalSection
EndGlobal
